
Microsoft Visual Studio Solution File, Format Version 12.00
# Visual Studio Version 17
VisualStudioVersion = 17.10.34916.146
MinimumVisualStudioVersion = 10.0.40219.1
Project("{FAE04EC0-301F-11D3-BF4B-00C04F79EFBC}") = "Low", "Low\Low.csproj", "{3BD1DF3D-2926-4167-AF82-90D55CA229C3}"
EndProject
Global
	GlobalSection(SolutionConfigurationPlatforms) = preSolution
		Debug|Any CPU = Debug|Any CPU
		Release|Any CPU = Release|Any CPU
	EndGlobalSection
	GlobalSection(ProjectConfigurationPlatforms) = postSolution
		{3BD1DF3D-2926-4167-AF82-90D55CA229C3}.Debug|Any CPU.ActiveCfg = Debug|Any CPU
		{3BD1DF3D-2926-4167-AF82-90D55CA229C3}.Debug|Any CPU.Build.0 = Debug|Any CPU
		{3BD1DF3D-2926-4167-AF82-90D55CA229C3}.Release|Any CPU.ActiveCfg = Release|Any CPU
		{3BD1DF3D-2926-4167-AF82-90D55CA229C3}.Release|Any CPU.Build.0 = Release|Any CPU
	EndGlobalSection
	GlobalSection(SolutionProperties) = preSolution
		HideSolutionNode = FALSE
	EndGlobalSection
	GlobalSection(ExtensibilityGlobals) = postSolution
		SolutionGuid = {6CFD027D-87AE-4B8B-BC01-E2A5ED35C4FA}
	EndGlobalSection
EndGlobal
